
Microsoft Visual Studio Solution File, Format Version 12.00
# Visual Studio Version 16
VisualStudioVersion = 16.0.31729.503
MinimumVisualStudioVersion = 10.0.40219.1
Project("{FAE04EC0-301F-11D3-BF4B-00C04F79EFBC}") = "Contact Tracing viewer", "Contact Tracing viewer\Contact Tracing viewer.csproj", "{83707732-56BC-41A8-9D28-FA2B7FEDA95F}"
EndProject
Global
	GlobalSection(SolutionConfigurationPlatforms) = preSolution
		Debug|Any CPU = Debug|Any CPU
		Release|Any CPU = Release|Any CPU
	EndGlobalSection
	GlobalSection(ProjectConfigurationPlatforms) = postSolution
		{83707732-56BC-41A8-9D28-FA2B7FEDA95F}.Debug|Any CPU.ActiveCfg = Debug|Any CPU
		{83707732-56BC-41A8-9D28-FA2B7FEDA95F}.Debug|Any CPU.Build.0 = Debug|Any CPU
		{83707732-56BC-41A8-9D28-FA2B7FEDA95F}.Release|Any CPU.ActiveCfg = Release|Any CPU
		{83707732-56BC-41A8-9D28-FA2B7FEDA95F}.Release|Any CPU.Build.0 = Release|Any CPU
	EndGlobalSection
	GlobalSection(SolutionProperties) = preSolution
		HideSolutionNode = FALSE
	EndGlobalSection
	GlobalSection(ExtensibilityGlobals) = postSolution
		SolutionGuid = {1D692D54-AED0-4F16-857F-57F28EF633F8}
	EndGlobalSection
EndGlobal
